
Microsoft Visual Studio Solution File, Format Version 12.00
# Visual Studio Version 17
VisualStudioVersion = 17.9.34616.47
MinimumVisualStudioVersion = 10.0.40219.1
Project("{FAE04EC0-301F-11D3-BF4B-00C04F79EFBC}") = "Simplify.ORM", "Simplify.ORM\Simplify.ORM.csproj", "{33C63650-15D4-421B-96DA-C51EAE201DD1}"
EndProject
Project("{FAE04EC0-301F-11D3-BF4B-00C04F79EFBC}") = "Simplify.ORM.Test", "Simplify.ORM.Test\Simplify.ORM.Test.csproj", "{44E09268-7304-47C6-981B-14DED1B47D59}"
	ProjectSection(ProjectDependencies) = postProject
		{33C63650-15D4-421B-96DA-C51EAE201DD1} = {33C63650-15D4-421B-96DA-C51EAE201DD1}
	EndProjectSection
EndProject
Global
	GlobalSection(SolutionConfigurationPlatforms) = preSolution
		Debug|Any CPU = Debug|Any CPU
		Release|Any CPU = Release|Any CPU
	EndGlobalSection
	GlobalSection(ProjectConfigurationPlatforms) = postSolution
		{33C63650-15D4-421B-96DA-C51EAE201DD1}.Debug|Any CPU.ActiveCfg = Debug|Any CPU
		{33C63650-15D4-421B-96DA-C51EAE201DD1}.Debug|Any CPU.Build.0 = Debug|Any CPU
		{33C63650-15D4-421B-96DA-C51EAE201DD1}.Release|Any CPU.ActiveCfg = Release|Any CPU
		{33C63650-15D4-421B-96DA-C51EAE201DD1}.Release|Any CPU.Build.0 = Release|Any CPU
		{44E09268-7304-47C6-981B-14DED1B47D59}.Debug|Any CPU.ActiveCfg = Debug|Any CPU
		{44E09268-7304-47C6-981B-14DED1B47D59}.Debug|Any CPU.Build.0 = Debug|Any CPU
		{44E09268-7304-47C6-981B-14DED1B47D59}.Release|Any CPU.ActiveCfg = Release|Any CPU
		{44E09268-7304-47C6-981B-14DED1B47D59}.Release|Any CPU.Build.0 = Release|Any CPU
	EndGlobalSection
	GlobalSection(SolutionProperties) = preSolution
		HideSolutionNode = FALSE
	EndGlobalSection
	GlobalSection(ExtensibilityGlobals) = postSolution
		SolutionGuid = {7B300160-A047-4A64-AD06-27403A09C79C}
	EndGlobalSection
EndGlobal
